
Microsoft Visual Studio Solution File, Format Version 12.00
# Visual Studio Version 16
VisualStudioVersion = 16.0.31702.278
MinimumVisualStudioVersion = 10.0.40219.1
Project("{FAE04EC0-301F-11D3-BF4B-00C04F79EFBC}") = "contentOfText", "contentOfText\contentOfText.csproj", "{AF43B522-4508-4A0E-B4D6-40D9DEFB2200}"
EndProject
Global
	GlobalSection(SolutionConfigurationPlatforms) = preSolution
		Debug|Any CPU = Debug|Any CPU
		Release|Any CPU = Release|Any CPU
	EndGlobalSection
	GlobalSection(ProjectConfigurationPlatforms) = postSolution
		{AF43B522-4508-4A0E-B4D6-40D9DEFB2200}.Debug|Any CPU.ActiveCfg = Debug|Any CPU
		{AF43B522-4508-4A0E-B4D6-40D9DEFB2200}.Debug|Any CPU.Build.0 = Debug|Any CPU
		{AF43B522-4508-4A0E-B4D6-40D9DEFB2200}.Release|Any CPU.ActiveCfg = Release|Any CPU
		{AF43B522-4508-4A0E-B4D6-40D9DEFB2200}.Release|Any CPU.Build.0 = Release|Any CPU
	EndGlobalSection
	GlobalSection(SolutionProperties) = preSolution
		HideSolutionNode = FALSE
	EndGlobalSection
	GlobalSection(ExtensibilityGlobals) = postSolution
		SolutionGuid = {8C806D0D-4E43-4F70-824B-7185B9895CCE}
	EndGlobalSection
EndGlobal
